
Microsoft Visual Studio Solution File, Format Version 12.00
# Visual Studio Version 17
VisualStudioVersion = 17.0.31903.59
MinimumVisualStudioVersion = 10.0.40219.1
Project("{2150E333-8FDC-42A3-9474-1A3956D46DE8}") = "src", "src", "{827E0CD3-B72D-47B6-A68D-7590B98EB39B}"
EndProject
Project("{FAE04EC0-301F-11D3-BF4B-00C04F79EFBC}") = "Provide.Telemetry", "src\Provide.Telemetry\Provide.Telemetry.csproj", "{8B31674D-526E-42A2-A57D-2C354787E56C}"
EndProject
Project("{2150E333-8FDC-42A3-9474-1A3956D46DE8}") = "tests", "tests", "{0AB3BF05-4346-4AA6-1389-037BE0695223}"
EndProject
Project("{FAE04EC0-301F-11D3-BF4B-00C04F79EFBC}") = "Provide.Telemetry.Tests", "tests\Provide.Telemetry.Tests\Provide.Telemetry.Tests.csproj", "{C584FB41-2CCC-4A81-AF39-3A9A8E130847}"
EndProject
Project("{2150E333-8FDC-42A3-9474-1A3956D46DE8}") = "probes", "probes", "{55F7F59E-3811-4542-F732-EAE91DFBF043}"
EndProject
Project("{FAE04EC0-301F-11D3-BF4B-00C04F79EFBC}") = "EmitLog", "probes\EmitLog\EmitLog.csproj", "{6F922B9B-F165-413E-8EE5-8A6DD83D267D}"
EndProject
Project("{FAE04EC0-301F-11D3-BF4B-00C04F79EFBC}") = "ContractProbe", "probes\ContractProbe\ContractProbe.csproj", "{18D07BAB-8260-4AC0-B71C-80A59C3FBAA3}"
EndProject
Project("{FAE04EC0-301F-11D3-BF4B-00C04F79EFBC}") = "RuntimeProbe", "probes\RuntimeProbe\RuntimeProbe.csproj", "{7240C145-9DB6-42E5-B37B-754D9EE3F423}"
EndProject
Project("{2150E333-8FDC-42A3-9474-1A3956D46DE8}") = "consumer", "consumer", "{7E27DC59-6CD1-79A0-D6D2-D5E2D5D70425}"
EndProject
Project("{2150E333-8FDC-42A3-9474-1A3956D46DE8}") = "examples", "examples", "{B36A84DF-456D-A817-6EDD-3EC3E7F6E11F}"
EndProject
Project("{2150E333-8FDC-42A3-9474-1A3956D46DE8}") = "telemetry", "telemetry", "{26DC51F4-A8EF-1FD6-36CB-7803F418DF67}"
EndProject
Project("{2150E333-8FDC-42A3-9474-1A3956D46DE8}") = "01_basic_telemetry", "01_basic_telemetry", "{B33675BD-5B6E-0524-9C78-8FF08DCEA41D}"
EndProject
Project("{FAE04EC0-301F-11D3-BF4B-00C04F79EFBC}") = "BasicTelemetry", "examples\telemetry\01_basic_telemetry\BasicTelemetry.csproj", "{EFBA1044-76A5-426F-A4B8-75F2C29128C5}"
EndProject
Project("{2150E333-8FDC-42A3-9474-1A3956D46DE8}") = "02_w3c_propagation", "02_w3c_propagation", "{EBC2E2B4-1723-C73D-B2CF-1308CDA42DF2}"
EndProject
Project("{FAE04EC0-301F-11D3-BF4B-00C04F79EFBC}") = "W3cPropagation", "examples\telemetry\02_w3c_propagation\W3cPropagation.csproj", "{42307E7E-303C-4CAC-B17D-F16CAD4C4B4E}"
EndProject
Project("{2150E333-8FDC-42A3-9474-1A3956D46DE8}") = "openobserve", "openobserve", "{3C8B609F-BB0D-F13C-309C-A86356586098}"
EndProject
Project("{2150E333-8FDC-42A3-9474-1A3956D46DE8}") = "01_emit_all_signals", "01_emit_all_signals", "{896BA950-5F67-B802-33BB-665F2A12FA73}"
EndProject
Project("{FAE04EC0-301F-11D3-BF4B-00C04F79EFBC}") = "EmitAllSignals", "examples\openobserve\01_emit_all_signals\EmitAllSignals.csproj", "{0D56CF93-A580-4576-B1B7-2133A55BCEF3}"
EndProject
Project("{FAE04EC0-301F-11D3-BF4B-00C04F79EFBC}") = "Provide.Telemetry.OpenTelemetry", "src\Provide.Telemetry.OpenTelemetry\Provide.Telemetry.OpenTelemetry.csproj", "{9CB2229F-CB9F-4062-99E7-AA3E861FA9E1}"
EndProject
Project("{FAE04EC0-301F-11D3-BF4B-00C04F79EFBC}") = "Provide.Telemetry.OpenTelemetry.Tests", "tests\Provide.Telemetry.OpenTelemetry.Tests\Provide.Telemetry.OpenTelemetry.Tests.csproj", "{037A3C97-3149-4E8C-BC5A-E6C93AEB0DD7}"
EndProject
Project("{FAE04EC0-301F-11D3-BF4B-00C04F79EFBC}") = "Provide.Telemetry.CoreConsumer", "consumer\Provide.Telemetry.CoreConsumer\Provide.Telemetry.CoreConsumer.csproj", "{E0C84EA5-0778-419B-8650-1E91F7C51D1B}"
EndProject
Project("{2150E333-8FDC-42A3-9474-1A3956D46DE8}") = "perf", "perf", "{5081215B-A8D2-606B-0497-D199D4ED2BF3}"
EndProject
Project("{FAE04EC0-301F-11D3-BF4B-00C04F79EFBC}") = "Provide.Telemetry.Perf", "perf\Provide.Telemetry.Perf\Provide.Telemetry.Perf.csproj", "{FB5331F7-8AE6-4E36-B37A-6DE4CCBE5E09}"
EndProject
Global
	GlobalSection(SolutionConfigurationPlatforms) = preSolution
		Debug|Any CPU = Debug|Any CPU
		Debug|x64 = Debug|x64
		Debug|x86 = Debug|x86
		Release|Any CPU = Release|Any CPU
		Release|x64 = Release|x64
		Release|x86 = Release|x86
	EndGlobalSection
	GlobalSection(ProjectConfigurationPlatforms) = postSolution
		{8B31674D-526E-42A2-A57D-2C354787E56C}.Debug|Any CPU.ActiveCfg = Debug|Any CPU
		{8B31674D-526E-42A2-A57D-2C354787E56C}.Debug|Any CPU.Build.0 = Debug|Any CPU
		{8B31674D-526E-42A2-A57D-2C354787E56C}.Debug|x64.ActiveCfg = Debug|Any CPU
		{8B31674D-526E-42A2-A57D-2C354787E56C}.Debug|x64.Build.0 = Debug|Any CPU
		{8B31674D-526E-42A2-A57D-2C354787E56C}.Debug|x86.ActiveCfg = Debug|Any CPU
		{8B31674D-526E-42A2-A57D-2C354787E56C}.Debug|x86.Build.0 = Debug|Any CPU
		{8B31674D-526E-42A2-A57D-2C354787E56C}.Release|Any CPU.ActiveCfg = Release|Any CPU
		{8B31674D-526E-42A2-A57D-2C354787E56C}.Release|Any CPU.Build.0 = Release|Any CPU
		{8B31674D-526E-42A2-A57D-2C354787E56C}.Release|x64.ActiveCfg = Release|Any CPU
		{8B31674D-526E-42A2-A57D-2C354787E56C}.Release|x64.Build.0 = Release|Any CPU
		{8B31674D-526E-42A2-A57D-2C354787E56C}.Release|x86.ActiveCfg = Release|Any CPU
		{8B31674D-526E-42A2-A57D-2C354787E56C}.Release|x86.Build.0 = Release|Any CPU
		{C584FB41-2CCC-4A81-AF39-3A9A8E130847}.Debug|Any CPU.ActiveCfg = Debug|Any CPU
		{C584FB41-2CCC-4A81-AF39-3A9A8E130847}.Debug|Any CPU.Build.0 = Debug|Any CPU
		{C584FB41-2CCC-4A81-AF39-3A9A8E130847}.Debug|x64.ActiveCfg = Debug|Any CPU
		{C584FB41-2CCC-4A81-AF39-3A9A8E130847}.Debug|x64.Build.0 = Debug|Any CPU
		{C584FB41-2CCC-4A81-AF39-3A9A8E130847}.Debug|x86.ActiveCfg = Debug|Any CPU
		{C584FB41-2CCC-4A81-AF39-3A9A8E130847}.Debug|x86.Build.0 = Debug|Any CPU
		{C584FB41-2CCC-4A81-AF39-3A9A8E130847}.Release|Any CPU.ActiveCfg = Release|Any CPU
		{C584FB41-2CCC-4A81-AF39-3A9A8E130847}.Release|Any CPU.Build.0 = Release|Any CPU
		{C584FB41-2CCC-4A81-AF39-3A9A8E130847}.Release|x64.ActiveCfg = Release|Any CPU
		{C584FB41-2CCC-4A81-AF39-3A9A8E130847}.Release|x64.Build.0 = Release|Any CPU
		{C584FB41-2CCC-4A81-AF39-3A9A8E130847}.Release|x86.ActiveCfg = Release|Any CPU
		{C584FB41-2CCC-4A81-AF39-3A9A8E130847}.Release|x86.Build.0 = Release|Any CPU
		{6F922B9B-F165-413E-8EE5-8A6DD83D267D}.Debug|Any CPU.ActiveCfg = Debug|Any CPU
		{6F922B9B-F165-413E-8EE5-8A6DD83D267D}.Debug|Any CPU.Build.0 = Debug|Any CPU
		{6F922B9B-F165-413E-8EE5-8A6DD83D267D}.Debug|x64.ActiveCfg = Debug|Any CPU
		{6F922B9B-F165-413E-8EE5-8A6DD83D267D}.Debug|x64.Build.0 = Debug|Any CPU
		{6F922B9B-F165-413E-8EE5-8A6DD83D267D}.Debug|x86.ActiveCfg = Debug|Any CPU
		{6F922B9B-F165-413E-8EE5-8A6DD83D267D}.Debug|x86.Build.0 = Debug|Any CPU
		{6F922B9B-F165-413E-8EE5-8A6DD83D267D}.Release|Any CPU.ActiveCfg = Release|Any CPU
		{6F922B9B-F165-413E-8EE5-8A6DD83D267D}.Release|Any CPU.Build.0 = Release|Any CPU
		{6F922B9B-F165-413E-8EE5-8A6DD83D267D}.Release|x64.ActiveCfg = Release|Any CPU
		{6F922B9B-F165-413E-8EE5-8A6DD83D267D}.Release|x64.Build.0 = Release|Any CPU
		{6F922B9B-F165-413E-8EE5-8A6DD83D267D}.Release|x86.ActiveCfg = Release|Any CPU
		{6F922B9B-F165-413E-8EE5-8A6DD83D267D}.Release|x86.Build.0 = Release|Any CPU
		{18D07BAB-8260-4AC0-B71C-80A59C3FBAA3}.Debug|Any CPU.ActiveCfg = Debug|Any CPU
		{18D07BAB-8260-4AC0-B71C-80A59C3FBAA3}.Debug|Any CPU.Build.0 = Debug|Any CPU
		{18D07BAB-8260-4AC0-B71C-80A59C3FBAA3}.Debug|x64.ActiveCfg = Debug|Any CPU
		{18D07BAB-8260-4AC0-B71C-80A59C3FBAA3}.Debug|x64.Build.0 = Debug|Any CPU
		{18D07BAB-8260-4AC0-B71C-80A59C3FBAA3}.Debug|x86.ActiveCfg = Debug|Any CPU
		{18D07BAB-8260-4AC0-B71C-80A59C3FBAA3}.Debug|x86.Build.0 = Debug|Any CPU
		{18D07BAB-8260-4AC0-B71C-80A59C3FBAA3}.Release|Any CPU.ActiveCfg = Release|Any CPU
		{18D07BAB-8260-4AC0-B71C-80A59C3FBAA3}.Release|Any CPU.Build.0 = Release|Any CPU
		{18D07BAB-8260-4AC0-B71C-80A59C3FBAA3}.Release|x64.ActiveCfg = Release|Any CPU
		{18D07BAB-8260-4AC0-B71C-80A59C3FBAA3}.Release|x64.Build.0 = Release|Any CPU
		{18D07BAB-8260-4AC0-B71C-80A59C3FBAA3}.Release|x86.ActiveCfg = Release|Any CPU
		{18D07BAB-8260-4AC0-B71C-80A59C3FBAA3}.Release|x86.Build.0 = Release|Any CPU
		{7240C145-9DB6-42E5-B37B-754D9EE3F423}.Debug|Any CPU.ActiveCfg = Debug|Any CPU
		{7240C145-9DB6-42E5-B37B-754D9EE3F423}.Debug|Any CPU.Build.0 = Debug|Any CPU
		{7240C145-9DB6-42E5-B37B-754D9EE3F423}.Debug|x64.ActiveCfg = Debug|Any CPU
		{7240C145-9DB6-42E5-B37B-754D9EE3F423}.Debug|x64.Build.0 = Debug|Any CPU
		{7240C145-9DB6-42E5-B37B-754D9EE3F423}.Debug|x86.ActiveCfg = Debug|Any CPU
		{7240C145-9DB6-42E5-B37B-754D9EE3F423}.Debug|x86.Build.0 = Debug|Any CPU
		{7240C145-9DB6-42E5-B37B-754D9EE3F423}.Release|Any CPU.ActiveCfg = Release|Any CPU
		{7240C145-9DB6-42E5-B37B-754D9EE3F423}.Release|Any CPU.Build.0 = Release|Any CPU
		{7240C145-9DB6-42E5-B37B-754D9EE3F423}.Release|x64.ActiveCfg = Release|Any CPU
		{7240C145-9DB6-42E5-B37B-754D9EE3F423}.Release|x64.Build.0 = Release|Any CPU
		{7240C145-9DB6-42E5-B37B-754D9EE3F423}.Release|x86.ActiveCfg = Release|Any CPU
		{7240C145-9DB6-42E5-B37B-754D9EE3F423}.Release|x86.Build.0 = Release|Any CPU
		{EFBA1044-76A5-426F-A4B8-75F2C29128C5}.Debug|Any CPU.ActiveCfg = Debug|Any CPU
		{EFBA1044-76A5-426F-A4B8-75F2C29128C5}.Debug|Any CPU.Build.0 = Debug|Any CPU
		{EFBA1044-76A5-426F-A4B8-75F2C29128C5}.Debug|x64.ActiveCfg = Debug|Any CPU
		{EFBA1044-76A5-426F-A4B8-75F2C29128C5}.Debug|x64.Build.0 = Debug|Any CPU
		{EFBA1044-76A5-426F-A4B8-75F2C29128C5}.Debug|x86.ActiveCfg = Debug|Any CPU
		{EFBA1044-76A5-426F-A4B8-75F2C29128C5}.Debug|x86.Build.0 = Debug|Any CPU
		{EFBA1044-76A5-426F-A4B8-75F2C29128C5}.Release|Any CPU.ActiveCfg = Release|Any CPU
		{EFBA1044-76A5-426F-A4B8-75F2C29128C5}.Release|Any CPU.Build.0 = Release|Any CPU
		{EFBA1044-76A5-426F-A4B8-75F2C29128C5}.Release|x64.ActiveCfg = Release|Any CPU
		{EFBA1044-76A5-426F-A4B8-75F2C29128C5}.Release|x64.Build.0 = Release|Any CPU
		{EFBA1044-76A5-426F-A4B8-75F2C29128C5}.Release|x86.ActiveCfg = Release|Any CPU
		{EFBA1044-76A5-426F-A4B8-75F2C29128C5}.Release|x86.Build.0 = Release|Any CPU
		{42307E7E-303C-4CAC-B17D-F16CAD4C4B4E}.Debug|Any CPU.ActiveCfg = Debug|Any CPU
		{42307E7E-303C-4CAC-B17D-F16CAD4C4B4E}.Debug|Any CPU.Build.0 = Debug|Any CPU
		{42307E7E-303C-4CAC-B17D-F16CAD4C4B4E}.Debug|x64.ActiveCfg = Debug|Any CPU
		{42307E7E-303C-4CAC-B17D-F16CAD4C4B4E}.Debug|x64.Build.0 = Debug|Any CPU
		{42307E7E-303C-4CAC-B17D-F16CAD4C4B4E}.Debug|x86.ActiveCfg = Debug|Any CPU
		{42307E7E-303C-4CAC-B17D-F16CAD4C4B4E}.Debug|x86.Build.0 = Debug|Any CPU
		{42307E7E-303C-4CAC-B17D-F16CAD4C4B4E}.Release|Any CPU.ActiveCfg = Release|Any CPU
		{42307E7E-303C-4CAC-B17D-F16CAD4C4B4E}.Release|Any CPU.Build.0 = Release|Any CPU
		{42307E7E-303C-4CAC-B17D-F16CAD4C4B4E}.Release|x64.ActiveCfg = Release|Any CPU
		{42307E7E-303C-4CAC-B17D-F16CAD4C4B4E}.Release|x64.Build.0 = Release|Any CPU
		{42307E7E-303C-4CAC-B17D-F16CAD4C4B4E}.Release|x86.ActiveCfg = Release|Any CPU
		{42307E7E-303C-4CAC-B17D-F16CAD4C4B4E}.Release|x86.Build.0 = Release|Any CPU
		{0D56CF93-A580-4576-B1B7-2133A55BCEF3}.Debug|Any CPU.ActiveCfg = Debug|Any CPU
		{0D56CF93-A580-4576-B1B7-2133A55BCEF3}.Debug|Any CPU.Build.0 = Debug|Any CPU
		{0D56CF93-A580-4576-B1B7-2133A55BCEF3}.Debug|x64.ActiveCfg = Debug|Any CPU
		{0D56CF93-A580-4576-B1B7-2133A55BCEF3}.Debug|x64.Build.0 = Debug|Any CPU
		{0D56CF93-A580-4576-B1B7-2133A55BCEF3}.Debug|x86.ActiveCfg = Debug|Any CPU
		{0D56CF93-A580-4576-B1B7-2133A55BCEF3}.Debug|x86.Build.0 = Debug|Any CPU
		{0D56CF93-A580-4576-B1B7-2133A55BCEF3}.Release|Any CPU.ActiveCfg = Release|Any CPU
		{0D56CF93-A580-4576-B1B7-2133A55BCEF3}.Release|Any CPU.Build.0 = Release|Any CPU
		{0D56CF93-A580-4576-B1B7-2133A55BCEF3}.Release|x64.ActiveCfg = Release|Any CPU
		{0D56CF93-A580-4576-B1B7-2133A55BCEF3}.Release|x64.Build.0 = Release|Any CPU
		{0D56CF93-A580-4576-B1B7-2133A55BCEF3}.Release|x86.ActiveCfg = Release|Any CPU
		{0D56CF93-A580-4576-B1B7-2133A55BCEF3}.Release|x86.Build.0 = Release|Any CPU
		{9CB2229F-CB9F-4062-99E7-AA3E861FA9E1}.Debug|Any CPU.ActiveCfg = Debug|Any CPU
		{9CB2229F-CB9F-4062-99E7-AA3E861FA9E1}.Debug|Any CPU.Build.0 = Debug|Any CPU
		{9CB2229F-CB9F-4062-99E7-AA3E861FA9E1}.Debug|x64.ActiveCfg = Debug|Any CPU
		{9CB2229F-CB9F-4062-99E7-AA3E861FA9E1}.Debug|x64.Build.0 = Debug|Any CPU
		{9CB2229F-CB9F-4062-99E7-AA3E861FA9E1}.Debug|x86.ActiveCfg = Debug|Any CPU
		{9CB2229F-CB9F-4062-99E7-AA3E861FA9E1}.Debug|x86.Build.0 = Debug|Any CPU
		{9CB2229F-CB9F-4062-99E7-AA3E861FA9E1}.Release|Any CPU.ActiveCfg = Release|Any CPU
		{9CB2229F-CB9F-4062-99E7-AA3E861FA9E1}.Release|Any CPU.Build.0 = Release|Any CPU
		{9CB2229F-CB9F-4062-99E7-AA3E861FA9E1}.Release|x64.ActiveCfg = Release|Any CPU
		{9CB2229F-CB9F-4062-99E7-AA3E861FA9E1}.Release|x64.Build.0 = Release|Any CPU
		{9CB2229F-CB9F-4062-99E7-AA3E861FA9E1}.Release|x86.ActiveCfg = Release|Any CPU
		{9CB2229F-CB9F-4062-99E7-AA3E861FA9E1}.Release|x86.Build.0 = Release|Any CPU
		{037A3C97-3149-4E8C-BC5A-E6C93AEB0DD7}.Debug|Any CPU.ActiveCfg = Debug|Any CPU
		{037A3C97-3149-4E8C-BC5A-E6C93AEB0DD7}.Debug|Any CPU.Build.0 = Debug|Any CPU
		{037A3C97-3149-4E8C-BC5A-E6C93AEB0DD7}.Debug|x64.ActiveCfg = Debug|Any CPU
		{037A3C97-3149-4E8C-BC5A-E6C93AEB0DD7}.Debug|x64.Build.0 = Debug|Any CPU
		{037A3C97-3149-4E8C-BC5A-E6C93AEB0DD7}.Debug|x86.ActiveCfg = Debug|Any CPU
		{037A3C97-3149-4E8C-BC5A-E6C93AEB0DD7}.Debug|x86.Build.0 = Debug|Any CPU
		{037A3C97-3149-4E8C-BC5A-E6C93AEB0DD7}.Release|Any CPU.ActiveCfg = Release|Any CPU
		{037A3C97-3149-4E8C-BC5A-E6C93AEB0DD7}.Release|Any CPU.Build.0 = Release|Any CPU
		{037A3C97-3149-4E8C-BC5A-E6C93AEB0DD7}.Release|x64.ActiveCfg = Release|Any CPU
		{037A3C97-3149-4E8C-BC5A-E6C93AEB0DD7}.Release|x64.Build.0 = Release|Any CPU
		{037A3C97-3149-4E8C-BC5A-E6C93AEB0DD7}.Release|x86.ActiveCfg = Release|Any CPU
		{037A3C97-3149-4E8C-BC5A-E6C93AEB0DD7}.Release|x86.Build.0 = Release|Any CPU
		{E0C84EA5-0778-419B-8650-1E91F7C51D1B}.Debug|Any CPU.ActiveCfg = Debug|Any CPU
		{E0C84EA5-0778-419B-8650-1E91F7C51D1B}.Debug|Any CPU.Build.0 = Debug|Any CPU
		{E0C84EA5-0778-419B-8650-1E91F7C51D1B}.Debug|x64.ActiveCfg = Debug|Any CPU
		{E0C84EA5-0778-419B-8650-1E91F7C51D1B}.Debug|x64.Build.0 = Debug|Any CPU
		{E0C84EA5-0778-419B-8650-1E91F7C51D1B}.Debug|x86.ActiveCfg = Debug|Any CPU
		{E0C84EA5-0778-419B-8650-1E91F7C51D1B}.Debug|x86.Build.0 = Debug|Any CPU
		{E0C84EA5-0778-419B-8650-1E91F7C51D1B}.Release|Any CPU.ActiveCfg = Release|Any CPU
		{E0C84EA5-0778-419B-8650-1E91F7C51D1B}.Release|Any CPU.Build.0 = Release|Any CPU
		{E0C84EA5-0778-419B-8650-1E91F7C51D1B}.Release|x64.ActiveCfg = Release|Any CPU
		{E0C84EA5-0778-419B-8650-1E91F7C51D1B}.Release|x64.Build.0 = Release|Any CPU
		{E0C84EA5-0778-419B-8650-1E91F7C51D1B}.Release|x86.ActiveCfg = Release|Any CPU
		{E0C84EA5-0778-419B-8650-1E91F7C51D1B}.Release|x86.Build.0 = Release|Any CPU
		{FB5331F7-8AE6-4E36-B37A-6DE4CCBE5E09}.Debug|Any CPU.ActiveCfg = Debug|Any CPU
		{FB5331F7-8AE6-4E36-B37A-6DE4CCBE5E09}.Debug|Any CPU.Build.0 = Debug|Any CPU
		{FB5331F7-8AE6-4E36-B37A-6DE4CCBE5E09}.Debug|x64.ActiveCfg = Debug|Any CPU
		{FB5331F7-8AE6-4E36-B37A-6DE4CCBE5E09}.Debug|x64.Build.0 = Debug|Any CPU
		{FB5331F7-8AE6-4E36-B37A-6DE4CCBE5E09}.Debug|x86.ActiveCfg = Debug|Any CPU
		{FB5331F7-8AE6-4E36-B37A-6DE4CCBE5E09}.Debug|x86.Build.0 = Debug|Any CPU
		{FB5331F7-8AE6-4E36-B37A-6DE4CCBE5E09}.Release|Any CPU.ActiveCfg = Release|Any CPU
		{FB5331F7-8AE6-4E36-B37A-6DE4CCBE5E09}.Release|Any CPU.Build.0 = Release|Any CPU
		{FB5331F7-8AE6-4E36-B37A-6DE4CCBE5E09}.Release|x64.ActiveCfg = Release|Any CPU
		{FB5331F7-8AE6-4E36-B37A-6DE4CCBE5E09}.Release|x64.Build.0 = Release|Any CPU
		{FB5331F7-8AE6-4E36-B37A-6DE4CCBE5E09}.Release|x86.ActiveCfg = Release|Any CPU
		{FB5331F7-8AE6-4E36-B37A-6DE4CCBE5E09}.Release|x86.Build.0 = Release|Any CPU
	EndGlobalSection
	GlobalSection(SolutionProperties) = preSolution
		HideSolutionNode = FALSE
	EndGlobalSection
	GlobalSection(NestedProjects) = preSolution
		{8B31674D-526E-42A2-A57D-2C354787E56C} = {827E0CD3-B72D-47B6-A68D-7590B98EB39B}
		{C584FB41-2CCC-4A81-AF39-3A9A8E130847} = {0AB3BF05-4346-4AA6-1389-037BE0695223}
		{6F922B9B-F165-413E-8EE5-8A6DD83D267D} = {55F7F59E-3811-4542-F732-EAE91DFBF043}
		{18D07BAB-8260-4AC0-B71C-80A59C3FBAA3} = {55F7F59E-3811-4542-F732-EAE91DFBF043}
		{7240C145-9DB6-42E5-B37B-754D9EE3F423} = {55F7F59E-3811-4542-F732-EAE91DFBF043}
		{26DC51F4-A8EF-1FD6-36CB-7803F418DF67} = {B36A84DF-456D-A817-6EDD-3EC3E7F6E11F}
		{B33675BD-5B6E-0524-9C78-8FF08DCEA41D} = {26DC51F4-A8EF-1FD6-36CB-7803F418DF67}
		{EFBA1044-76A5-426F-A4B8-75F2C29128C5} = {B33675BD-5B6E-0524-9C78-8FF08DCEA41D}
		{EBC2E2B4-1723-C73D-B2CF-1308CDA42DF2} = {26DC51F4-A8EF-1FD6-36CB-7803F418DF67}
		{42307E7E-303C-4CAC-B17D-F16CAD4C4B4E} = {EBC2E2B4-1723-C73D-B2CF-1308CDA42DF2}
		{3C8B609F-BB0D-F13C-309C-A86356586098} = {B36A84DF-456D-A817-6EDD-3EC3E7F6E11F}
		{896BA950-5F67-B802-33BB-665F2A12FA73} = {3C8B609F-BB0D-F13C-309C-A86356586098}
		{0D56CF93-A580-4576-B1B7-2133A55BCEF3} = {896BA950-5F67-B802-33BB-665F2A12FA73}
		{9CB2229F-CB9F-4062-99E7-AA3E861FA9E1} = {827E0CD3-B72D-47B6-A68D-7590B98EB39B}
		{037A3C97-3149-4E8C-BC5A-E6C93AEB0DD7} = {0AB3BF05-4346-4AA6-1389-037BE0695223}
		{E0C84EA5-0778-419B-8650-1E91F7C51D1B} = {7E27DC59-6CD1-79A0-D6D2-D5E2D5D70425}
		{FB5331F7-8AE6-4E36-B37A-6DE4CCBE5E09} = {5081215B-A8D2-606B-0497-D199D4ED2BF3}
	EndGlobalSection
EndGlobal
